// !$*UTF8*$!
{
	archiveVersion = 1;
	classes = {
	};
	objectVersion = 46;
	objects = {

/* Begin PBXBuildFile section */
		982BD77A144AA645008DEA20 /* downButtonIcon.png in Resources */ = {isa = PBXBuildFile; fileRef = 982BD778144AA645008DEA20 /* downButtonIcon.png */; };
		982BD77B144AA645008DEA20 /* upButtonIcon.png in Resources */ = {isa = PBXBuildFile; fileRef = 982BD779144AA645008DEA20 /* upButtonIcon.png */; };
		9832BADA1440CD8000391A7B /* UIImage+Alpha.m in Sources */ = {isa = PBXBuildFile; fileRef = 9832BAD51440CD8000391A7B /* UIImage+Alpha.m */; };
		9832BADB1440CD8000391A7B /* UIImage+Resize.m in Sources */ = {isa = PBXBuildFile; fileRef = 9832BAD71440CD8000391A7B /* UIImage+Resize.m */; };
		9832BADC1440CD8000391A7B /* UIImage+RoundedCorner.m in Sources */ = {isa = PBXBuildFile; fileRef = 9832BAD91440CD8000391A7B /* UIImage+RoundedCorner.m */; };
		9832BAE01440D74000391A7B /* blackSteel copy.jpg in Resources */ = {isa = PBXBuildFile; fileRef = 9832BADF1440D74000391A7B /* blackSteel copy.jpg */; };
		9832BAE21440E5B400391A7B /* tab.png in Resources */ = {isa = PBXBuildFile; fileRef = 9832BAE11440E5B300391A7B /* tab.png */; };
		98427F83142B9F5C0048C0B5 /* General.m in Sources */ = {isa = PBXBuildFile; fileRef = 98427F82142B9F5C0048C0B5 /* General.m */; };
		98427F92142BA6580048C0B5 /* segoeui.ttf in Resources */ = {isa = PBXBuildFile; fileRef = 98427F90142BA6580048C0B5 /* segoeui.ttf */; };
		98427F93142BA6580048C0B5 /* segoeuib.ttf in Resources */ = {isa = PBXBuildFile; fileRef = 98427F91142BA6580048C0B5 /* segoeuib.ttf */; };
		98427FAD142C61FF0048C0B5 /* AMImageView.m in Sources */ = {isa = PBXBuildFile; fileRef = 98427FAC142C61FE0048C0B5 /* AMImageView.m */; };
		9855CF7C1441EA7B00BD1F5C /* dustBinIconSmall.png in Resources */ = {isa = PBXBuildFile; fileRef = 9855CF7B1441EA7B00BD1F5C /* dustBinIconSmall.png */; };
		986777251433B6A200327F78 /* MWFeedParser.m in Sources */ = {isa = PBXBuildFile; fileRef = 986777201433B6A100327F78 /* MWFeedParser.m */; };
		986777261433B6A200327F78 /* MWFeedInfo.m in Sources */ = {isa = PBXBuildFile; fileRef = 986777221433B6A200327F78 /* MWFeedInfo.m */; };
		986777271433B6A200327F78 /* MWFeedItem.m in Sources */ = {isa = PBXBuildFile; fileRef = 986777241433B6A200327F78 /* MWFeedItem.m */; };
		9896A097142F0F87006CE433 /* searchIconSmall.png in Resources */ = {isa = PBXBuildFile; fileRef = 9896A096142F0F87006CE433 /* searchIconSmall.png */; };
		9896A09C142F118D006CE433 /* addIconSmall.png in Resources */ = {isa = PBXBuildFile; fileRef = 9896A09B142F118D006CE433 /* addIconSmall.png */; };
		9896A0A0142F1950006CE433 /* AMZoomViewController.m in Sources */ = {isa = PBXBuildFile; fileRef = 9896A09E142F1950006CE433 /* AMZoomViewController.m */; };
		9896A0A1142F1950006CE433 /* AMZoomViewController.xib in Resources */ = {isa = PBXBuildFile; fileRef = 9896A09F142F1950006CE433 /* AMZoomViewController.xib */; };
		9896A0A5142F1CF0006CE433 /* AMViewController.m in Sources */ = {isa = PBXBuildFile; fileRef = 9896A0A3142F1CF0006CE433 /* AMViewController.m */; };
		9896A0A6142F1CF0006CE433 /* AMViewController.xib in Resources */ = {isa = PBXBuildFile; fileRef = 9896A0A4142F1CF0006CE433 /* AMViewController.xib */; };
		98B1F788142C700C003A4B0D /* AMSerializer.m in Sources */ = {isa = PBXBuildFile; fileRef = 98B1F787142C700C003A4B0D /* AMSerializer.m */; };
		98B1F78C142C7F0A003A4B0D /* AMFeedViewController.m in Sources */ = {isa = PBXBuildFile; fileRef = 98B1F78A142C7F0A003A4B0D /* AMFeedViewController.m */; };
		98B1F78D142C7F0A003A4B0D /* AMFeedViewController.xib in Resources */ = {isa = PBXBuildFile; fileRef = 98B1F78B142C7F0A003A4B0D /* AMFeedViewController.xib */; };
		98B1F794142E5FE7003A4B0D /* listIcon.png in Resources */ = {isa = PBXBuildFile; fileRef = 98B1F793142E5FE7003A4B0D /* listIcon.png */; };
		98B1F798142E66EE003A4B0D /* facebookIconSmall.png in Resources */ = {isa = PBXBuildFile; fileRef = 98B1F797142E66EE003A4B0D /* facebookIconSmall.png */; };
		98B1F79A142E68CB003A4B0D /* twitterIconSmall.png in Resources */ = {isa = PBXBuildFile; fileRef = 98B1F799142E68CB003A4B0D /* twitterIconSmall.png */; };
		98B1F7A2142F098A003A4B0D /* AMFeedSearchViewController.m in Sources */ = {isa = PBXBuildFile; fileRef = 98B1F7A0142F098A003A4B0D /* AMFeedSearchViewController.m */; };
		98B1F7A3142F098A003A4B0D /* AMFeedSearchViewController.xib in Resources */ = {isa = PBXBuildFile; fileRef = 98B1F7A1142F098A003A4B0D /* AMFeedSearchViewController.xib */; };
		98C89D4A14324E7D000D8F27 /* AMDataDownloader.m in Sources */ = {isa = PBXBuildFile; fileRef = 98C89D4914324E7D000D8F27 /* AMDataDownloader.m */; };
		98C89D4D14325190000D8F27 /* AMFeedSearcher.m in Sources */ = {isa = PBXBuildFile; fileRef = 98C89D4C14325190000D8F27 /* AMFeedSearcher.m */; };
		98C89D5014325707000D8F27 /* AMFeedInfo.m in Sources */ = {isa = PBXBuildFile; fileRef = 98C89D4F14325707000D8F27 /* AMFeedInfo.m */; };
		98C89D5D143257C2000D8F27 /* NSObject+SBJSON.m in Sources */ = {isa = PBXBuildFile; fileRef = 98C89D54143257C2000D8F27 /* NSObject+SBJSON.m */; };
		98C89D5E143257C2000D8F27 /* NSString+SBJSON.m in Sources */ = {isa = PBXBuildFile; fileRef = 98C89D56143257C2000D8F27 /* NSString+SBJSON.m */; };
		98C89D5F143257C2000D8F27 /* SBJsonBase.m in Sources */ = {isa = PBXBuildFile; fileRef = 98C89D58143257C2000D8F27 /* SBJsonBase.m */; };
		98C89D60143257C2000D8F27 /* SBJsonParser.m in Sources */ = {isa = PBXBuildFile; fileRef = 98C89D5A143257C2000D8F27 /* SBJsonParser.m */; };
		98C89D61143257C2000D8F27 /* SBJsonWriter.m in Sources */ = {isa = PBXBuildFile; fileRef = 98C89D5C143257C2000D8F27 /* SBJsonWriter.m */; };
		98C89D6614325DAD000D8F27 /* GTMNSString+HTML.m in Sources */ = {isa = PBXBuildFile; fileRef = 98C89D6314325DAD000D8F27 /* GTMNSString+HTML.m */; };
		98C89D6714325DAD000D8F27 /* NSString+HTML.m in Sources */ = {isa = PBXBuildFile; fileRef = 98C89D6514325DAD000D8F27 /* NSString+HTML.m */; };
		98C89D6A1432664C000D8F27 /* checkMarkIconSmall.png in Resources */ = {isa = PBXBuildFile; fileRef = 98C89D691432664C000D8F27 /* checkMarkIconSmall.png */; };
		98D25E3C143277EF0049235B /* backIconSmall.png in Resources */ = {isa = PBXBuildFile; fileRef = 98D25E3B143277EF0049235B /* backIconSmall.png */; };
		98D25E441432E3F50049235B /* AMFeedManager.m in Sources */ = {isa = PBXBuildFile; fileRef = 98D25E431432E3F50049235B /* AMFeedManager.m */; };
		98D25E461432E4B20049235B /* libsqlite3.dylib in Frameworks */ = {isa = PBXBuildFile; fileRef = 98D25E451432E4B20049235B /* libsqlite3.dylib */; };
		98D25E541432EF910049235B /* feedDB.db in Resources */ = {isa = PBXBuildFile; fileRef = 98D25E531432EF910049235B /* feedDB.db */; };
		98D2E3F61443576900087B76 /* icon.png in Resources */ = {isa = PBXBuildFile; fileRef = 98D2E3F41443576900087B76 /* icon.png */; };
		98D2E3F71443576900087B76 /* icon@2x.png in Resources */ = {isa = PBXBuildFile; fileRef = 98D2E3F51443576900087B76 /* icon@2x.png */; };
		98D2E3F914435C7F00087B76 /* hr.png in Resources */ = {isa = PBXBuildFile; fileRef = 98D2E3F814435C7F00087B76 /* hr.png */; };
		98D2E3FB14435E4F00087B76 /* vr.png in Resources */ = {isa = PBXBuildFile; fileRef = 98D2E3FA14435E4F00087B76 /* vr.png */; };
		98D62A46142B528800481EF9 /* UIKit.framework in Frameworks */ = {isa = PBXBuildFile; fileRef = 98D62A45142B528800481EF9 /* UIKit.framework */; };
		98D62A48142B528800481EF9 /* Foundation.framework in Frameworks */ = {isa = PBXBuildFile; fileRef = 98D62A47142B528800481EF9 /* Foundation.framework */; };
		98D62A4A142B528800481EF9 /* CoreGraphics.framework in Frameworks */ = {isa = PBXBuildFile; fileRef = 98D62A49142B528800481EF9 /* CoreGraphics.framework */; };
		98D62A50142B528800481EF9 /* InfoPlist.strings in Resources */ = {isa = PBXBuildFile; fileRef = 98D62A4E142B528800481EF9 /* InfoPlist.strings */; };
		98D62A52142B528800481EF9 /* main.m in Sources */ = {isa = PBXBuildFile; fileRef = 98D62A51142B528800481EF9 /* main.m */; };
		98D62A56142B528800481EF9 /* RSS_AtomAppDelegate.m in Sources */ = {isa = PBXBuildFile; fileRef = 98D62A55142B528800481EF9 /* RSS_AtomAppDelegate.m */; };
		98D62A59142B528800481EF9 /* MainWindow.xib in Resources */ = {isa = PBXBuildFile; fileRef = 98D62A57142B528800481EF9 /* MainWindow.xib */; };
		98D62A5C142B528800481EF9 /* RSS_AtomViewController.m in Sources */ = {isa = PBXBuildFile; fileRef = 98D62A5B142B528800481EF9 /* RSS_AtomViewController.m */; };
		98D62A5F142B528800481EF9 /* RSS_AtomViewController.xib in Resources */ = {isa = PBXBuildFile; fileRef = 98D62A5D142B528800481EF9 /* RSS_AtomViewController.xib */; };
		98D62A68142B550B00481EF9 /* HomeViewController.m in Sources */ = {isa = PBXBuildFile; fileRef = 98D62A66142B550B00481EF9 /* HomeViewController.m */; };
		98D62A69142B550B00481EF9 /* HomeViewController.xib in Resources */ = {isa = PBXBuildFile; fileRef = 98D62A67142B550B00481EF9 /* HomeViewController.xib */; };
		98D62A6F142B5B5600481EF9 /* gridIcon.png in Resources */ = {isa = PBXBuildFile; fileRef = 98D62A6E142B5B5600481EF9 /* gridIcon.png */; };
		98D62A71142B5BC400481EF9 /* blackSteel.jpg in Resources */ = {isa = PBXBuildFile; fileRef = 98D62A70142B5BC400481EF9 /* blackSteel.jpg */; };
		98D62A73142B5CA600481EF9 /* wrenchIcon.png in Resources */ = {isa = PBXBuildFile; fileRef = 98D62A72142B5CA600481EF9 /* wrenchIcon.png */; };
		98D62A8E142B66C900481EF9 /* AMFeedSelectorViewController.m in Sources */ = {isa = PBXBuildFile; fileRef = 98D62A8C142B66C900481EF9 /* AMFeedSelectorViewController.m */; };
		98D62A8F142B66C900481EF9 /* AMFeedSelectorViewController.xib in Resources */ = {isa = PBXBuildFile; fileRef = 98D62A8D142B66C900481EF9 /* AMFeedSelectorViewController.xib */; };
		98E0418D1441DC5000DAF138 /* removeIconSmall.png in Resources */ = {isa = PBXBuildFile; fileRef = 98E0418C1441DC5000DAF138 /* removeIconSmall.png */; };
		98F005921434BF810013B44D /* AMFeedCell.m in Sources */ = {isa = PBXBuildFile; fileRef = 98F005911434BF810013B44D /* AMFeedCell.m */; };
		98F005951434BFB90013B44D /* AMFeedCell.xib in Resources */ = {isa = PBXBuildFile; fileRef = 98F005941434BFB90013B44D /* AMFeedCell.xib */; };
		98F005BD1434C85D0013B44D /* CDataChunk.m in Sources */ = {isa = PBXBuildFile; fileRef = 98F0059C1434C85D0013B44D /* CDataChunk.m */; };
		98F005BE1434C85D0013B44D /* Chunk.m in Sources */ = {isa = PBXBuildFile; fileRef = 98F0059E1434C85D0013B44D /* Chunk.m */; };
		98F005BF1434C85D0013B44D /* CommentChunk.m in Sources */ = {isa = PBXBuildFile; fileRef = 98F005A01434C85D0013B44D /* CommentChunk.m */; };
		98F005C01434C85D0013B44D /* CSSPartMatcher.m in Sources */ = {isa = PBXBuildFile; fileRef = 98F005A21434C85D0013B44D /* CSSPartMatcher.m */; };
		98F005C11434C85D0013B44D /* CSSSelector.m in Sources */ = {isa = PBXBuildFile; fileRef = 98F005A41434C85D0013B44D /* CSSSelector.m */; };
		98F005C21434C85D0013B44D /* CSSSelectorMatcher.m in Sources */ = {isa = PBXBuildFile; fileRef = 98F005A61434C85D0013B44D /* CSSSelectorMatcher.m */; };
		98F005C31434C85D0013B44D /* CSSSelectorPart.m in Sources */ = {isa = PBXBuildFile; fileRef = 98F005A81434C85D0013B44D /* CSSSelectorPart.m */; };
		98F005C41434C85D0013B44D /* DoctypeChunk.m in Sources */ = {isa = PBXBuildFile; fileRef = 98F005AA1434C85D0013B44D /* DoctypeChunk.m */; };
		98F005C51434C85D0013B44D /* DocumentRoot.m in Sources */ = {isa = PBXBuildFile; fileRef = 98F005AC1434C85D0013B44D /* DocumentRoot.m */; };
		98F005C61434C85D0013B44D /* Element.m in Sources */ = {isa = PBXBuildFile; fileRef = 98F005AE1434C85D0013B44D /* Element.m */; };
		98F005C71434C85D0013B44D /* ElementParser.m in Sources */ = {isa = PBXBuildFile; fileRef = 98F005B01434C85D0013B44D /* ElementParser.m */; };
		98F005C81434C85D0013B44D /* EntityChunk.m in Sources */ = {isa = PBXBuildFile; fileRef = 98F005B21434C85D0013B44D /* EntityChunk.m */; };
		98F005C91434C85D0013B44D /* NSString_HTML.m in Sources */ = {isa = PBXBuildFile; fileRef = 98F005B41434C85D0013B44D /* NSString_HTML.m */; };
		98F005CA1434C85D0013B44D /* ProcessingInstructionChunk.m in Sources */ = {isa = PBXBuildFile; fileRef = 98F005B61434C85D0013B44D /* ProcessingInstructionChunk.m */; };
		98F005CB1434C85D0013B44D /* TagChunk.m in Sources */ = {isa = PBXBuildFile; fileRef = 98F005B81434C85D0013B44D /* TagChunk.m */; };
		98F005CC1434C85D0013B44D /* TxtChunk.m in Sources */ = {isa = PBXBuildFile; fileRef = 98F005BA1434C85D0013B44D /* TxtChunk.m */; };
		98F005CD1434C85D0013B44D /* URLParser.m in Sources */ = {isa = PBXBuildFile; fileRef = 98F005BC1434C85D0013B44D /* URLParser.m */; };
		98F67FD31434FC6000B8C615 /* QuartzCore.framework in Frameworks */ = {isa = PBXBuildFile; fileRef = 98F67FD21434FC6000B8C615 /* QuartzCore.framework */; };
		98F67FD61434FD0700B8C615 /* arrow.png in Resources */ = {isa = PBXBuildFile; fileRef = 98F67FD51434FD0700B8C615 /* arrow.png */; };
		98F67FD81435021100B8C615 /* HTMLWrapper.html in Resources */ = {isa = PBXBuildFile; fileRef = 98F67FD71435021100B8C615 /* HTMLWrapper.html */; };
/* End PBXBuildFile section */

/* Begin PBXFileReference section */
		982BD778144AA645008DEA20 /* downButtonIcon.png */ = {isa = PBXFileReference; lastKnownFileType = image.png; path = downButtonIcon.png; sourceTree = "<group>"; };
		982BD779144AA645008DEA20 /* upButtonIcon.png */ = {isa = PBXFileReference; lastKnownFileType = image.png; path = upButtonIcon.png; sourceTree = "<group>"; };
		9832BAD41440CD8000391A7B /* UIImage+Alpha.h */ = {isa = PBXFileReference; fileEncoding = 4; lastKnownFileType = sourcecode.c.h; path = "UIImage+Alpha.h"; sourceTree = "<group>"; };
		9832BAD51440CD8000391A7B /* UIImage+Alpha.m */ = {isa = PBXFileReference; fileEncoding = 4; lastKnownFileType = sourcecode.c.objc; path = "UIImage+Alpha.m"; sourceTree = "<group>"; };
		9832BAD61440CD8000391A7B /* UIImage+Resize.h */ = {isa = PBXFileReference; fileEncoding = 4; lastKnownFileType = sourcecode.c.h; path = "UIImage+Resize.h"; sourceTree = "<group>"; };
		9832BAD71440CD8000391A7B /* UIImage+Resize.m */ = {isa = PBXFileReference; fileEncoding = 4; lastKnownFileType = sourcecode.c.objc; path = "UIImage+Resize.m"; sourceTree = "<group>"; };
		9832BAD81440CD8000391A7B /* UIImage+RoundedCorner.h */ = {isa = PBXFileReference; fileEncoding = 4; lastKnownFileType = sourcecode.c.h; path = "UIImage+RoundedCorner.h"; sourceTree = "<group>"; };
		9832BAD91440CD8000391A7B /* UIImage+RoundedCorner.m */ = {isa = PBXFileReference; fileEncoding = 4; lastKnownFileType = sourcecode.c.objc; path = "UIImage+RoundedCorner.m"; sourceTree = "<group>"; };
		9832BADF1440D74000391A7B /* blackSteel copy.jpg */ = {isa = PBXFileReference; lastKnownFileType = image.jpeg; path = "blackSteel copy.jpg"; sourceTree = "<group>"; };
		9832BAE11440E5B300391A7B /* tab.png */ = {isa = PBXFileReference; lastKnownFileType = image.png; path = tab.png; sourceTree = "<group>"; };
		98427F81142B9F5C0048C0B5 /* General.h */ = {isa = PBXFileReference; fileEncoding = 4; lastKnownFileType = sourcecode.c.h; path = General.h; sourceTree = "<group>"; };
		98427F82142B9F5C0048C0B5 /* General.m */ = {isa = PBXFileReference; fileEncoding = 4; lastKnownFileType = sourcecode.c.objc; path = General.m; sourceTree = "<group>"; };
		98427F90142BA6580048C0B5 /* segoeui.ttf */ = {isa = PBXFileReference; lastKnownFileType = file; path = segoeui.ttf; sourceTree = "<group>"; };
		98427F91142BA6580048C0B5 /* segoeuib.ttf */ = {isa = PBXFileReference; lastKnownFileType = file; path = segoeuib.ttf; sourceTree = "<group>"; };
		98427FAB142C61FE0048C0B5 /* AMImageView.h */ = {isa = PBXFileReference; fileEncoding = 4; lastKnownFileType = sourcecode.c.h; path = AMImageView.h; sourceTree = "<group>"; };
		98427FAC142C61FE0048C0B5 /* AMImageView.m */ = {isa = PBXFileReference; fileEncoding = 4; lastKnownFileType = sourcecode.c.objc; path = AMImageView.m; sourceTree = "<group>"; };
		9855CF7B1441EA7B00BD1F5C /* dustBinIconSmall.png */ = {isa = PBXFileReference; lastKnownFileType = image.png; path = dustBinIconSmall.png; sourceTree = "<group>"; };
		9867771E1433B6A100327F78 /* MWFeedParser.h */ = {isa = PBXFileReference; fileEncoding = 4; lastKnownFileType = sourcecode.c.h; path = MWFeedParser.h; sourceTree = "<group>"; };
		9867771F1433B6A100327F78 /* MWFeedParser_Private.h */ = {isa = PBXFileReference; fileEncoding = 4; lastKnownFileType = sourcecode.c.h; path = MWFeedParser_Private.h; sourceTree = "<group>"; };
		986777201433B6A100327F78 /* MWFeedParser.m */ = {isa = PBXFileReference; fileEncoding = 4; lastKnownFileType = sourcecode.c.objc; path = MWFeedParser.m; sourceTree = "<group>"; };
		986777211433B6A100327F78 /* MWFeedInfo.h */ = {isa = PBXFileReference; fileEncoding = 4; lastKnownFileType = sourcecode.c.h; path = MWFeedInfo.h; sourceTree = "<group>"; };
		986777221433B6A200327F78 /* MWFeedInfo.m */ = {isa = PBXFileReference; fileEncoding = 4; lastKnownFileType = sourcecode.c.objc; path = MWFeedInfo.m; sourceTree = "<group>"; };
		986777231433B6A200327F78 /* MWFeedItem.h */ = {isa = PBXFileReference; fileEncoding = 4; lastKnownFileType = sourcecode.c.h; path = MWFeedItem.h; sourceTree = "<group>"; };
		986777241433B6A200327F78 /* MWFeedItem.m */ = {isa = PBXFileReference; fileEncoding = 4; lastKnownFileType = sourcecode.c.objc; path = MWFeedItem.m; sourceTree = "<group>"; };
		9896A096142F0F87006CE433 /* searchIconSmall.png */ = {isa = PBXFileReference; lastKnownFileType = image.png; path = searchIconSmall.png; sourceTree = "<group>"; };
		9896A09B142F118D006CE433 /* addIconSmall.png */ = {isa = PBXFileReference; lastKnownFileType = image.png; path = addIconSmall.png; sourceTree = "<group>"; };
		9896A09D142F1950006CE433 /* AMZoomViewController.h */ = {isa = PBXFileReference; fileEncoding = 4; lastKnownFileType = sourcecode.c.h; name = AMZoomViewController.h; path = "RSS Atom/AMZoomViewController.h"; sourceTree = "<group>"; };
		9896A09E142F1950006CE433 /* AMZoomViewController.m */ = {isa = PBXFileReference; fileEncoding = 4; lastKnownFileType = sourcecode.c.objc; name = AMZoomViewController.m; path = "RSS Atom/AMZoomViewController.m"; sourceTree = "<group>"; };
		9896A09F142F1950006CE433 /* AMZoomViewController.xib */ = {isa = PBXFileReference; fileEncoding = 4; lastKnownFileType = file.xib; name = AMZoomViewController.xib; path = "RSS Atom/AMZoomViewController.xib"; sourceTree = "<group>"; };
		9896A0A2142F1CF0006CE433 /* AMViewController.h */ = {isa = PBXFileReference; fileEncoding = 4; lastKnownFileType = sourcecode.c.h; name = AMViewController.h; path = "RSS Atom/AMViewController.h"; sourceTree = "<group>"; };
		9896A0A3142F1CF0006CE433 /* AMViewController.m */ = {isa = PBXFileReference; fileEncoding = 4; lastKnownFileType = sourcecode.c.objc; name = AMViewController.m; path = "RSS Atom/AMViewController.m"; sourceTree = "<group>"; };
		9896A0A4142F1CF0006CE433 /* AMViewController.xib */ = {isa = PBXFileReference; fileEncoding = 4; lastKnownFileType = file.xib; name = AMViewController.xib; path = "RSS Atom/AMViewController.xib"; sourceTree = "<group>"; };
		98B1F786142C700C003A4B0D /* AMSerializer.h */ = {isa = PBXFileReference; fileEncoding = 4; lastKnownFileType = sourcecode.c.h; path = AMSerializer.h; sourceTree = "<group>"; };
		98B1F787142C700C003A4B0D /* AMSerializer.m */ = {isa = PBXFileReference; fileEncoding = 4; lastKnownFileType = sourcecode.c.objc; path = AMSerializer.m; sourceTree = "<group>"; };
		98B1F789142C7F0A003A4B0D /* AMFeedViewController.h */ = {isa = PBXFileReference; fileEncoding = 4; lastKnownFileType = sourcecode.c.h; path = AMFeedViewController.h; sourceTree = "<group>"; };
		98B1F78A142C7F0A003A4B0D /* AMFeedViewController.m */ = {isa = PBXFileReference; fileEncoding = 4; lastKnownFileType = sourcecode.c.objc; path = AMFeedViewController.m; sourceTree = "<group>"; };
		98B1F78B142C7F0A003A4B0D /* AMFeedViewController.xib */ = {isa = PBXFileReference; fileEncoding = 4; lastKnownFileType = file.xib; path = AMFeedViewController.xib; sourceTree = "<group>"; };
		98B1F793142E5FE7003A4B0D /* listIcon.png */ = {isa = PBXFileReference; lastKnownFileType = image.png; path = listIcon.png; sourceTree = "<group>"; };
		98B1F797142E66EE003A4B0D /* facebookIconSmall.png */ = {isa = PBXFileReference; lastKnownFileType = image.png; path = facebookIconSmall.png; sourceTree = "<group>"; };
		98B1F799142E68CB003A4B0D /* twitterIconSmall.png */ = {isa = PBXFileReference; lastKnownFileType = image.png; path = twitterIconSmall.png; sourceTree = "<group>"; };
		98B1F79F142F098A003A4B0D /* AMFeedSearchViewController.h */ = {isa = PBXFileReference; fileEncoding = 4; lastKnownFileType = sourcecode.c.h; path = AMFeedSearchViewController.h; sourceTree = "<group>"; };
		98B1F7A0142F098A003A4B0D /* AMFeedSearchViewController.m */ = {isa = PBXFileReference; fileEncoding = 4; lastKnownFileType = sourcecode.c.objc; path = AMFeedSearchViewController.m; sourceTree = "<group>"; };
		98B1F7A1142F098A003A4B0D /* AMFeedSearchViewController.xib */ = {isa = PBXFileReference; fileEncoding = 4; lastKnownFileType = file.xib; path = AMFeedSearchViewController.xib; sourceTree = "<group>"; };
		98C89D4814324E7D000D8F27 /* AMDataDownloader.h */ = {isa = PBXFileReference; fileEncoding = 4; lastKnownFileType = sourcecode.c.h; path = AMDataDownloader.h; sourceTree = "<group>"; };
		98C89D4914324E7D000D8F27 /* AMDataDownloader.m */ = {isa = PBXFileReference; fileEncoding = 4; lastKnownFileType = sourcecode.c.objc; path = AMDataDownloader.m; sourceTree = "<group>"; };
		98C89D4B14325190000D8F27 /* AMFeedSearcher.h */ = {isa = PBXFileReference; fileEncoding = 4; lastKnownFileType = sourcecode.c.h; path = AMFeedSearcher.h; sourceTree = "<group>"; };
		98C89D4C14325190000D8F27 /* AMFeedSearcher.m */ = {isa = PBXFileReference; fileEncoding = 4; lastKnownFileType = sourcecode.c.objc; path = AMFeedSearcher.m; sourceTree = "<group>"; };
		98C89D4E14325707000D8F27 /* AMFeedInfo.h */ = {isa = PBXFileReference; fileEncoding = 4; lastKnownFileType = sourcecode.c.h; path = AMFeedInfo.h; sourceTree = "<group>"; };
		98C89D4F14325707000D8F27 /* AMFeedInfo.m */ = {isa = PBXFileReference; fileEncoding = 4; lastKnownFileType = sourcecode.c.objc; path = AMFeedInfo.m; sourceTree = "<group>"; };
		98C89D52143257C2000D8F27 /* JSON.h */ = {isa = PBXFileReference; fileEncoding = 4; lastKnownFileType = sourcecode.c.h; path = JSON.h; sourceTree = "<group>"; };
		98C89D53143257C2000D8F27 /* NSObject+SBJSON.h */ = {isa = PBXFileReference; fileEncoding = 4; lastKnownFileType = sourcecode.c.h; path = "NSObject+SBJSON.h"; sourceTree = "<group>"; };
		98C89D54143257C2000D8F27 /* NSObject+SBJSON.m */ = {isa = PBXFileReference; fileEncoding = 4; lastKnownFileType = sourcecode.c.objc; path = "NSObject+SBJSON.m"; sourceTree = "<group>"; };
		98C89D55143257C2000D8F27 /* NSString+SBJSON.h */ = {isa = PBXFileReference; fileEncoding = 4; lastKnownFileType = sourcecode.c.h; path = "NSString+SBJSON.h"; sourceTree = "<group>"; };
		98C89D56143257C2000D8F27 /* NSString+SBJSON.m */ = {isa = PBXFileReference; fileEncoding = 4; lastKnownFileType = sourcecode.c.objc; path = "NSString+SBJSON.m"; sourceTree = "<group>"; };
		98C89D57143257C2000D8F27 /* SBJsonBase.h */ = {isa = PBXFileReference; fileEncoding = 4; lastKnownFileType = sourcecode.c.h; path = SBJsonBase.h; sourceTree = "<group>"; };
		98C89D58143257C2000D8F27 /* SBJsonBase.m */ = {isa = PBXFileReference; fileEncoding = 4; lastKnownFileType = sourcecode.c.objc; path = SBJsonBase.m; sourceTree = "<group>"; };
		98C89D59143257C2000D8F27 /* SBJsonParser.h */ = {isa = PBXFileReference; fileEncoding = 4; lastKnownFileType = sourcecode.c.h; path = SBJsonParser.h; sourceTree = "<group>"; };
		98C89D5A143257C2000D8F27 /* SBJsonParser.m */ = {isa = PBXFileReference; fileEncoding = 4; lastKnownFileType = sourcecode.c.objc; path = SBJsonParser.m; sourceTree = "<group>"; };
		98C89D5B143257C2000D8F27 /* SBJsonWriter.h */ = {isa = PBXFileReference; fileEncoding = 4; lastKnownFileType = sourcecode.c.h; path = SBJsonWriter.h; sourceTree = "<group>"; };
		98C89D5C143257C2000D8F27 /* SBJsonWriter.m */ = {isa = PBXFileReference; fileEncoding = 4; lastKnownFileType = sourcecode.c.objc; path = SBJsonWriter.m; sourceTree = "<group>"; };
		98C89D6214325DAC000D8F27 /* GTMNSString+HTML.h */ = {isa = PBXFileReference; fileEncoding = 4; lastKnownFileType = sourcecode.c.h; path = "GTMNSString+HTML.h"; sourceTree = "<group>"; };
		98C89D6314325DAD000D8F27 /* GTMNSString+HTML.m */ = {isa = PBXFileReference; fileEncoding = 4; lastKnownFileType = sourcecode.c.objc; path = "GTMNSString+HTML.m"; sourceTree = "<group>"; };
		98C89D6414325DAD000D8F27 /* NSString+HTML.h */ = {isa = PBXFileReference; fileEncoding = 4; lastKnownFileType = sourcecode.c.h; path = "NSString+HTML.h"; sourceTree = "<group>"; };
		98C89D6514325DAD000D8F27 /* NSString+HTML.m */ = {isa = PBXFileReference; fileEncoding = 4; lastKnownFileType = sourcecode.c.objc; path = "NSString+HTML.m"; sourceTree = "<group>"; };
		98C89D6814325E57000D8F27 /* GTMDefines.h */ = {isa = PBXFileReference; fileEncoding = 4; lastKnownFileType = sourcecode.c.h; path = GTMDefines.h; sourceTree = "<group>"; };
		98C89D691432664C000D8F27 /* checkMarkIconSmall.png */ = {isa = PBXFileReference; lastKnownFileType = image.png; path = checkMarkIconSmall.png; sourceTree = "<group>"; };
		98D25E3B143277EF0049235B /* backIconSmall.png */ = {isa = PBXFileReference; lastKnownFileType = image.png; path = backIconSmall.png; sourceTree = "<group>"; };
		98D25E421432E3F40049235B /* AMFeedManager.h */ = {isa = PBXFileReference; fileEncoding = 4; lastKnownFileType = sourcecode.c.h; path = AMFeedManager.h; sourceTree = "<group>"; };
		98D25E431432E3F50049235B /* AMFeedManager.m */ = {isa = PBXFileReference; fileEncoding = 4; lastKnownFileType = sourcecode.c.objc; path = AMFeedManager.m; sourceTree = "<group>"; };
		98D25E451432E4B20049235B /* libsqlite3.dylib */ = {isa = PBXFileReference; lastKnownFileType = "compiled.mach-o.dylib"; name = libsqlite3.dylib; path = usr/lib/libsqlite3.dylib; sourceTree = SDKROOT; };
		98D25E531432EF910049235B /* feedDB.db */ = {isa = PBXFileReference; lastKnownFileType = file; path = feedDB.db; sourceTree = "<group>"; };
		98D2E3F41443576900087B76 /* icon.png */ = {isa = PBXFileReference; lastKnownFileType = image.png; path = icon.png; sourceTree = "<group>"; };
		98D2E3F51443576900087B76 /* icon@2x.png */ = {isa = PBXFileReference; lastKnownFileType = image.png; path = "icon@2x.png"; sourceTree = "<group>"; };
		98D2E3F814435C7F00087B76 /* hr.png */ = {isa = PBXFileReference; lastKnownFileType = image.png; path = hr.png; sourceTree = "<group>"; };
		98D2E3FA14435E4F00087B76 /* vr.png */ = {isa = PBXFileReference; lastKnownFileType = image.png; path = vr.png; sourceTree = "<group>"; };
		98D62A41142B528800481EF9 /* Nouvelle.app */ = {isa = PBXFileReference; explicitFileType = wrapper.application; includeInIndex = 0; path = Nouvelle.app; sourceTree = BUILT_PRODUCTS_DIR; };
		98D62A45142B528800481EF9 /* UIKit.framework */ = {isa = PBXFileReference; lastKnownFileType = wrapper.framework; name = UIKit.framework; path = System/Library/Frameworks/UIKit.framework; sourceTree = SDKROOT; };
		98D62A47142B528800481EF9 /* Foundation.framework */ = {isa = PBXFileReference; lastKnownFileType = wrapper.framework; name = Foundation.framework; path = System/Library/Frameworks/Foundation.framework; sourceTree = SDKROOT; };
		98D62A49142B528800481EF9 /* CoreGraphics.framework */ = {isa = PBXFileReference; lastKnownFileType = wrapper.framework; name = CoreGraphics.framework; path = System/Library/Frameworks/CoreGraphics.framework; sourceTree = SDKROOT; };
		98D62A4D142B528800481EF9 /* Nouvelle-Info.plist */ = {isa = PBXFileReference; lastKnownFileType = text.plist.xml; path = "Nouvelle-Info.plist"; sourceTree = "<group>"; };
		98D62A4F142B528800481EF9 /* en */ = {isa = PBXFileReference; lastKnownFileType = text.plist.strings; name = en; path = en.lproj/InfoPlist.strings; sourceTree = "<group>"; };
		98D62A51142B528800481EF9 /* main.m */ = {isa = PBXFileReference; lastKnownFileType = sourcecode.c.objc; path = main.m; sourceTree = "<group>"; };
		98D62A53142B528800481EF9 /* Nouvelle-Prefix.pch */ = {isa = PBXFileReference; lastKnownFileType = sourcecode.c.h; path = "Nouvelle-Prefix.pch"; sourceTree = "<group>"; };
		98D62A54142B528800481EF9 /* RSS_AtomAppDelegate.h */ = {isa = PBXFileReference; lastKnownFileType = sourcecode.c.h; path = RSS_AtomAppDelegate.h; sourceTree = "<group>"; };
		98D62A55142B528800481EF9 /* RSS_AtomAppDelegate.m */ = {isa = PBXFileReference; lastKnownFileType = sourcecode.c.objc; path = RSS_AtomAppDelegate.m; sourceTree = "<group>"; };
		98D62A58142B528800481EF9 /* en */ = {isa = PBXFileReference; lastKnownFileType = file.xib; name = en; path = en.lproj/MainWindow.xib; sourceTree = "<group>"; };
		98D62A5A142B528800481EF9 /* RSS_AtomViewController.h */ = {isa = PBXFileReference; lastKnownFileType = sourcecode.c.h; path = RSS_AtomViewController.h; sourceTree = "<group>"; };
		98D62A5B142B528800481EF9 /* RSS_AtomViewController.m */ = {isa = PBXFileReference; lastKnownFileType = sourcecode.c.objc; path = RSS_AtomViewController.m; sourceTree = "<group>"; };
		98D62A5E142B528800481EF9 /* en */ = {isa = PBXFileReference; lastKnownFileType = file.xib; name = en; path = en.lproj/RSS_AtomViewController.xib; sourceTree = "<group>"; };
		98D62A65142B550B00481EF9 /* HomeViewController.h */ = {isa = PBXFileReference; fileEncoding = 4; lastKnownFileType = sourcecode.c.h; path = HomeViewController.h; sourceTree = "<group>"; };
		98D62A66142B550B00481EF9 /* HomeViewController.m */ = {isa = PBXFileReference; fileEncoding = 4; lastKnownFileType = sourcecode.c.objc; path = HomeViewController.m; sourceTree = "<group>"; };
		98D62A67142B550B00481EF9 /* HomeViewController.xib */ = {isa = PBXFileReference; fileEncoding = 4; lastKnownFileType = file.xib; path = HomeViewController.xib; sourceTree = "<group>"; };
		98D62A6E142B5B5600481EF9 /* gridIcon.png */ = {isa = PBXFileReference; lastKnownFileType = image.png; path = gridIcon.png; sourceTree = "<group>"; };
		98D62A70142B5BC400481EF9 /* blackSteel.jpg */ = {isa = PBXFileReference; lastKnownFileType = image.jpeg; path = blackSteel.jpg; sourceTree = "<group>"; };
		98D62A72142B5CA600481EF9 /* wrenchIcon.png */ = {isa = PBXFileReference; lastKnownFileType = image.png; path = wrenchIcon.png; sourceTree = "<group>"; };
		98D62A8B142B66C900481EF9 /* AMFeedSelectorViewController.h */ = {isa = PBXFileReference; fileEncoding = 4; lastKnownFileType = sourcecode.c.h; path = AMFeedSelectorViewController.h; sourceTree = "<group>"; };
		98D62A8C142B66C900481EF9 /* AMFeedSelectorViewController.m */ = {isa = PBXFileReference; fileEncoding = 4; lastKnownFileType = sourcecode.c.objc; path = AMFeedSelectorViewController.m; sourceTree = "<group>"; };
		98D62A8D142B66C900481EF9 /* AMFeedSelectorViewController.xib */ = {isa = PBXFileReference; fileEncoding = 4; lastKnownFileType = file.xib; path = AMFeedSelectorViewController.xib; sourceTree = "<group>"; };
		98E0418C1441DC5000DAF138 /* removeIconSmall.png */ = {isa = PBXFileReference; lastKnownFileType = image.png; path = removeIconSmall.png; sourceTree = "<group>"; };
		98F005901434BF810013B44D /* AMFeedCell.h */ = {isa = PBXFileReference; fileEncoding = 4; lastKnownFileType = sourcecode.c.h; path = AMFeedCell.h; sourceTree = "<group>"; };
		98F005911434BF810013B44D /* AMFeedCell.m */ = {isa = PBXFileReference; fileEncoding = 4; lastKnownFileType = sourcecode.c.objc; path = AMFeedCell.m; sourceTree = "<group>"; };
		98F005941434BFB90013B44D /* AMFeedCell.xib */ = {isa = PBXFileReference; fileEncoding = 4; lastKnownFileType = file.xib; path = AMFeedCell.xib; sourceTree = "<group>"; };
		98F0059B1434C85D0013B44D /* CDataChunk.h */ = {isa = PBXFileReference; fileEncoding = 4; lastKnownFileType = sourcecode.c.h; path = CDataChunk.h; sourceTree = "<group>"; };
		98F0059C1434C85D0013B44D /* CDataChunk.m */ = {isa = PBXFileReference; fileEncoding = 4; lastKnownFileType = sourcecode.c.objc; path = CDataChunk.m; sourceTree = "<group>"; };
		98F0059D1434C85D0013B44D /* Chunk.h */ = {isa = PBXFileReference; fileEncoding = 4; lastKnownFileType = sourcecode.c.h; path = Chunk.h; sourceTree = "<group>"; };
		98F0059E1434C85D0013B44D /* Chunk.m */ = {isa = PBXFileReference; fileEncoding = 4; lastKnownFileType = sourcecode.c.objc; path = Chunk.m; sourceTree = "<group>"; };
		98F0059F1434C85D0013B44D /* CommentChunk.h */ = {isa = PBXFileReference; fileEncoding = 4; lastKnownFileType = sourcecode.c.h; path = CommentChunk.h; sourceTree = "<group>"; };
		98F005A01434C85D0013B44D /* CommentChunk.m */ = {isa = PBXFileReference; fileEncoding = 4; lastKnownFileType = sourcecode.c.objc; path = CommentChunk.m; sourceTree = "<group>"; };
		98F005A11434C85D0013B44D /* CSSPartMatcher.h */ = {isa = PBXFileReference; fileEncoding = 4; lastKnownFileType = sourcecode.c.h; path = CSSPartMatcher.h; sourceTree = "<group>"; };
		98F005A21434C85D0013B44D /* CSSPartMatcher.m */ = {isa = PBXFileReference; fileEncoding = 4; lastKnownFileType = sourcecode.c.objc; path = CSSPartMatcher.m; sourceTree = "<group>"; };
		98F005A31434C85D0013B44D /* CSSSelector.h */ = {isa = PBXFileReference; fileEncoding = 4; lastKnownFileType = sourcecode.c.h; path = CSSSelector.h; sourceTree = "<group>"; };
		98F005A41434C85D0013B44D /* CSSSelector.m */ = {isa = PBXFileReference; fileEncoding = 4; lastKnownFileType = sourcecode.c.objc; path = CSSSelector.m; sourceTree = "<group>"; };
		98F005A51434C85D0013B44D /* CSSSelectorMatcher.h */ = {isa = PBXFileReference; fileEncoding = 4; lastKnownFileType = sourcecode.c.h; path = CSSSelectorMatcher.h; sourceTree = "<group>"; };
		98F005A61434C85D0013B44D /* CSSSelectorMatcher.m */ = {isa = PBXFileReference; fileEncoding = 4; lastKnownFileType = sourcecode.c.objc; path = CSSSelectorMatcher.m; sourceTree = "<group>"; };
		98F005A71434C85D0013B44D /* CSSSelectorPart.h */ = {isa = PBXFileReference; fileEncoding = 4; lastKnownFileType = sourcecode.c.h; path = CSSSelectorPart.h; sourceTree = "<group>"; };
		98F005A81434C85D0013B44D /* CSSSelectorPart.m */ = {isa = PBXFileReference; fileEncoding = 4; lastKnownFileType = sourcecode.c.objc; path = CSSSelectorPart.m; sourceTree = "<group>"; };
		98F005A91434C85D0013B44D /* DoctypeChunk.h */ = {isa = PBXFileReference; fileEncoding = 4; lastKnownFileType = sourcecode.c.h; path = DoctypeChunk.h; sourceTree = "<group>"; };
		98F005AA1434C85D0013B44D /* DoctypeChunk.m */ = {isa = PBXFileReference; fileEncoding = 4; lastKnownFileType = sourcecode.c.objc; path = DoctypeChunk.m; sourceTree = "<group>"; };
		98F005AB1434C85D0013B44D /* DocumentRoot.h */ = {isa = PBXFileReference; fileEncoding = 4; lastKnownFileType = sourcecode.c.h; path = DocumentRoot.h; sourceTree = "<group>"; };
		98F005AC1434C85D0013B44D /* DocumentRoot.m */ = {isa = PBXFileReference; fileEncoding = 4; lastKnownFileType = sourcecode.c.objc; path = DocumentRoot.m; sourceTree = "<group>"; };
		98F005AD1434C85D0013B44D /* Element.h */ = {isa = PBXFileReference; fileEncoding = 4; lastKnownFileType = sourcecode.c.h; path = Element.h; sourceTree = "<group>"; };
		98F005AE1434C85D0013B44D /* Element.m */ = {isa = PBXFileReference; fileEncoding = 4; lastKnownFileType = sourcecode.c.objc; path = Element.m; sourceTree = "<group>"; };
		98F005AF1434C85D0013B44D /* ElementParser.h */ = {isa = PBXFileReference; fileEncoding = 4; lastKnownFileType = sourcecode.c.h; path = ElementParser.h; sourceTree = "<group>"; };
		98F005B01434C85D0013B44D /* ElementParser.m */ = {isa = PBXFileReference; fileEncoding = 4; lastKnownFileType = sourcecode.c.objc; path = ElementParser.m; sourceTree = "<group>"; };
		98F005B11434C85D0013B44D /* EntityChunk.h */ = {isa = PBXFileReference; fileEncoding = 4; lastKnownFileType = sourcecode.c.h; path = EntityChunk.h; sourceTree = "<group>"; };
		98F005B21434C85D0013B44D /* EntityChunk.m */ = {isa = PBXFileReference; fileEncoding = 4; lastKnownFileType = sourcecode.c.objc; path = EntityChunk.m; sourceTree = "<group>"; };
		98F005B31434C85D0013B44D /* NSString_HTML.h */ = {isa = PBXFileReference; fileEncoding = 4; lastKnownFileType = sourcecode.c.h; path = NSString_HTML.h; sourceTree = "<group>"; };
		98F005B41434C85D0013B44D /* NSString_HTML.m */ = {isa = PBXFileReference; fileEncoding = 4; lastKnownFileType = sourcecode.c.objc; path = NSString_HTML.m; sourceTree = "<group>"; };
		98F005B51434C85D0013B44D /* ProcessingInstructionChunk.h */ = {isa = PBXFileReference; fileEncoding = 4; lastKnownFileType = sourcecode.c.h; path = ProcessingInstructionChunk.h; sourceTree = "<group>"; };
		98F005B61434C85D0013B44D /* ProcessingInstructionChunk.m */ = {isa = PBXFileReference; fileEncoding = 4; lastKnownFileType = sourcecode.c.objc; path = ProcessingInstructionChunk.m; sourceTree = "<group>"; };
		98F005B71434C85D0013B44D /* TagChunk.h */ = {isa = PBXFileReference; fileEncoding = 4; lastKnownFileType = sourcecode.c.h; path = TagChunk.h; sourceTree = "<group>"; };
		98F005B81434C85D0013B44D /* TagChunk.m */ = {isa = PBXFileReference; fileEncoding = 4; lastKnownFileType = sourcecode.c.objc; path = TagChunk.m; sourceTree = "<group>"; };
		98F005B91434C85D0013B44D /* TxtChunk.h */ = {isa = PBXFileReference; fileEncoding = 4; lastKnownFileType = sourcecode.c.h; path = TxtChunk.h; sourceTree = "<group>"; };
		98F005BA1434C85D0013B44D /* TxtChunk.m */ = {isa = PBXFileReference; fileEncoding = 4; lastKnownFileType = sourcecode.c.objc; path = TxtChunk.m; sourceTree = "<group>"; };
		98F005BB1434C85D0013B44D /* URLParser.h */ = {isa = PBXFileReference; fileEncoding = 4; lastKnownFileType = sourcecode.c.h; path = URLParser.h; sourceTree = "<group>"; };
		98F005BC1434C85D0013B44D /* URLParser.m */ = {isa = PBXFileReference; fileEncoding = 4; lastKnownFileType = sourcecode.c.objc; path = URLParser.m; sourceTree = "<group>"; };
		98F67FD21434FC6000B8C615 /* QuartzCore.framework */ = {isa = PBXFileReference; lastKnownFileType = wrapper.framework; name = QuartzCore.framework; path = System/Library/Frameworks/QuartzCore.framework; sourceTree = SDKROOT; };
		98F67FD51434FD0700B8C615 /* arrow.png */ = {isa = PBXFileReference; lastKnownFileType = image.png; path = arrow.png; sourceTree = "<group>"; };
		98F67FD71435021100B8C615 /* HTMLWrapper.html */ = {isa = PBXFileReference; fileEncoding = 4; lastKnownFileType = text.html; path = HTMLWrapper.html; sourceTree = "<group>"; };
/* End PBXFileReference section */

/* Begin PBXFrameworksBuildPhase section */
		98D62A3E142B528800481EF9 /* Frameworks */ = {
			isa = PBXFrameworksBuildPhase;
			buildActionMask = 2147483647;
			files = (
				98F67FD31434FC6000B8C615 /* QuartzCore.framework in Frameworks */,
				98D25E461432E4B20049235B /* libsqlite3.dylib in Frameworks */,
				98D62A46142B528800481EF9 /* UIKit.framework in Frameworks */,
				98D62A48142B528800481EF9 /* Foundation.framework in Frameworks */,
				98D62A4A142B528800481EF9 /* CoreGraphics.framework in Frameworks */,
			);
			runOnlyForDeploymentPostprocessing = 0;
		};
/* End PBXFrameworksBuildPhase section */

/* Begin PBXGroup section */
		9832BADE1440CD8600391A7B /* UIImage Categories */ = {
			isa = PBXGroup;
			children = (
				9832BAD41440CD8000391A7B /* UIImage+Alpha.h */,
				9832BAD51440CD8000391A7B /* UIImage+Alpha.m */,
				9832BAD61440CD8000391A7B /* UIImage+Resize.h */,
				9832BAD71440CD8000391A7B /* UIImage+Resize.m */,
				9832BAD81440CD8000391A7B /* UIImage+RoundedCorner.h */,
				9832BAD91440CD8000391A7B /* UIImage+RoundedCorner.m */,
			);
			name = "UIImage Categories";
			sourceTree = "<group>";
		};
		9867771D1433B68B00327F78 /* MWFeedParser */ = {
			isa = PBXGroup;
			children = (
				9867771E1433B6A100327F78 /* MWFeedParser.h */,
				9867771F1433B6A100327F78 /* MWFeedParser_Private.h */,
				986777201433B6A100327F78 /* MWFeedParser.m */,
				986777211433B6A100327F78 /* MWFeedInfo.h */,
				986777221433B6A200327F78 /* MWFeedInfo.m */,
				986777231433B6A200327F78 /* MWFeedItem.h */,
				986777241433B6A200327F78 /* MWFeedItem.m */,
			);
			name = MWFeedParser;
			sourceTree = "<group>";
		};
		98C89D4614324DCF000D8F27 /* Supporting Frameworks */ = {
			isa = PBXGroup;
			children = (
				9832BADE1440CD8600391A7B /* UIImage Categories */,
				98F0059A1434C8420013B44D /* ElementParser */,
				9867771D1433B68B00327F78 /* MWFeedParser */,
				98C89D6814325E57000D8F27 /* GTMDefines.h */,
				98C89D6214325DAC000D8F27 /* GTMNSString+HTML.h */,
				98C89D6314325DAD000D8F27 /* GTMNSString+HTML.m */,
				98C89D6414325DAD000D8F27 /* NSString+HTML.h */,
				98C89D6514325DAD000D8F27 /* NSString+HTML.m */,
				98C89D51143257C2000D8F27 /* JSON */,
				98B1F786142C700C003A4B0D /* AMSerializer.h */,
				98B1F787142C700C003A4B0D /* AMSerializer.m */,
				98427FAB142C61FE0048C0B5 /* AMImageView.h */,
				98427FAC142C61FE0048C0B5 /* AMImageView.m */,
				9896A09D142F1950006CE433 /* AMZoomViewController.h */,
				9896A09E142F1950006CE433 /* AMZoomViewController.m */,
				9896A09F142F1950006CE433 /* AMZoomViewController.xib */,
				9896A0A2142F1CF0006CE433 /* AMViewController.h */,
				9896A0A3142F1CF0006CE433 /* AMViewController.m */,
				9896A0A4142F1CF0006CE433 /* AMViewController.xib */,
				98C89D4814324E7D000D8F27 /* AMDataDownloader.h */,
				98C89D4914324E7D000D8F27 /* AMDataDownloader.m */,
				98C89D4B14325190000D8F27 /* AMFeedSearcher.h */,
				98C89D4C14325190000D8F27 /* AMFeedSearcher.m */,
				98C89D4E14325707000D8F27 /* AMFeedInfo.h */,
				98C89D4F14325707000D8F27 /* AMFeedInfo.m */,
				98D25E421432E3F40049235B /* AMFeedManager.h */,
				98D25E431432E3F50049235B /* AMFeedManager.m */,
			);
			name = "Supporting Frameworks";
			sourceTree = "<group>";
		};
		98C89D51143257C2000D8F27 /* JSON */ = {
			isa = PBXGroup;
			children = (
				98C89D52143257C2000D8F27 /* JSON.h */,
				98C89D53143257C2000D8F27 /* NSObject+SBJSON.h */,
				98C89D54143257C2000D8F27 /* NSObject+SBJSON.m */,
				98C89D55143257C2000D8F27 /* NSString+SBJSON.h */,
				98C89D56143257C2000D8F27 /* NSString+SBJSON.m */,
				98C89D57143257C2000D8F27 /* SBJsonBase.h */,
				98C89D58143257C2000D8F27 /* SBJsonBase.m */,
				98C89D59143257C2000D8F27 /* SBJsonParser.h */,
				98C89D5A143257C2000D8F27 /* SBJsonParser.m */,
				98C89D5B143257C2000D8F27 /* SBJsonWriter.h */,
				98C89D5C143257C2000D8F27 /* SBJsonWriter.m */,
			);
			path = JSON;
			sourceTree = "<group>";
		};
		98D2E3F31443572A00087B76 /* App Icons */ = {
			isa = PBXGroup;
			children = (
				982BD778144AA645008DEA20 /* downButtonIcon.png */,
				982BD779144AA645008DEA20 /* upButtonIcon.png */,
				98D2E3F41443576900087B76 /* icon.png */,
				98D2E3F51443576900087B76 /* icon@2x.png */,
			);
			name = "App Icons";
			sourceTree = "<group>";
		};
		98D62A36142B528800481EF9 = {
			isa = PBXGroup;
			children = (
				98F67FD21434FC6000B8C615 /* QuartzCore.framework */,
				98D25E451432E4B20049235B /* libsqlite3.dylib */,
				98C89D4614324DCF000D8F27 /* Supporting Frameworks */,
				98D62A4B142B528800481EF9 /* RSS Atom */,
				98D62A44142B528800481EF9 /* Frameworks */,
				98D62A42142B528800481EF9 /* Products */,
			);
			sourceTree = "<group>";
		};
		98D62A42142B528800481EF9 /* Products */ = {
			isa = PBXGroup;
			children = (
				98D62A41142B528800481EF9 /* Nouvelle.app */,
			);
			name = Products;
			sourceTree = "<group>";
		};
		98D62A44142B528800481EF9 /* Frameworks */ = {
			isa = PBXGroup;
			children = (
				98D62A45142B528800481EF9 /* UIKit.framework */,
				98D62A47142B528800481EF9 /* Foundation.framework */,
				98D62A49142B528800481EF9 /* CoreGraphics.framework */,
			);
			name = Frameworks;
			sourceTree = "<group>";
		};
		98D62A4B142B528800481EF9 /* RSS Atom */ = {
			isa = PBXGroup;
			children = (
				98D62A54142B528800481EF9 /* RSS_AtomAppDelegate.h */,
				98D62A55142B528800481EF9 /* RSS_AtomAppDelegate.m */,
				98D62A57142B528800481EF9 /* MainWindow.xib */,
				98D62A5A142B528800481EF9 /* RSS_AtomViewController.h */,
				98D62A5B142B528800481EF9 /* RSS_AtomViewController.m */,
				98D62A5D142B528800481EF9 /* RSS_AtomViewController.xib */,
				98D62A65142B550B00481EF9 /* HomeViewController.h */,
				98D62A66142B550B00481EF9 /* HomeViewController.m */,
				98D62A67142B550B00481EF9 /* HomeViewController.xib */,
				98D62A8B142B66C900481EF9 /* AMFeedSelectorViewController.h */,
				98D62A8C142B66C900481EF9 /* AMFeedSelectorViewController.m */,
				98D62A8D142B66C900481EF9 /* AMFeedSelectorViewController.xib */,
				98427F81142B9F5C0048C0B5 /* General.h */,
				98427F82142B9F5C0048C0B5 /* General.m */,
				98B1F789142C7F0A003A4B0D /* AMFeedViewController.h */,
				98B1F78A142C7F0A003A4B0D /* AMFeedViewController.m */,
				98B1F78B142C7F0A003A4B0D /* AMFeedViewController.xib */,
				98B1F79F142F098A003A4B0D /* AMFeedSearchViewController.h */,
				98B1F7A0142F098A003A4B0D /* AMFeedSearchViewController.m */,
				98B1F7A1142F098A003A4B0D /* AMFeedSearchViewController.xib */,
				98F005901434BF810013B44D /* AMFeedCell.h */,
				98F005911434BF810013B44D /* AMFeedCell.m */,
				98F005941434BFB90013B44D /* AMFeedCell.xib */,
				98D62A4C142B528800481EF9 /* Supporting Files */,
			);
			path = "RSS Atom";
			sourceTree = "<group>";
		};
		98D62A4C142B528800481EF9 /* Supporting Files */ = {
			isa = PBXGroup;
			children = (
				98D2E3F31443572A00087B76 /* App Icons */,
				98F67FD71435021100B8C615 /* HTMLWrapper.html */,
				98D25E531432EF910049235B /* feedDB.db */,
				98427F90142BA6580048C0B5 /* segoeui.ttf */,
				98427F91142BA6580048C0B5 /* segoeuib.ttf */,
				98D62A6D142B5B3A00481EF9 /* Icons */,
				98D62A4D142B528800481EF9 /* Nouvelle-Info.plist */,
				98D62A4E142B528800481EF9 /* InfoPlist.strings */,
				98D62A51142B528800481EF9 /* main.m */,
				98D62A53142B528800481EF9 /* Nouvelle-Prefix.pch */,
			);
			name = "Supporting Files";
			sourceTree = "<group>";
		};
		98D62A6D142B5B3A00481EF9 /* Icons */ = {
			isa = PBXGroup;
			children = (
				98D2E3FA14435E4F00087B76 /* vr.png */,
				98D2E3F814435C7F00087B76 /* hr.png */,
				9855CF7B1441EA7B00BD1F5C /* dustBinIconSmall.png */,
				9832BAE11440E5B300391A7B /* tab.png */,
				9832BADF1440D74000391A7B /* blackSteel copy.jpg */,
				98F67FD51434FD0700B8C615 /* arrow.png */,
				98D25E3B143277EF0049235B /* backIconSmall.png */,
				98C89D691432664C000D8F27 /* checkMarkIconSmall.png */,
				9896A09B142F118D006CE433 /* addIconSmall.png */,
				98E0418C1441DC5000DAF138 /* removeIconSmall.png */,
				9896A096142F0F87006CE433 /* searchIconSmall.png */,
				98B1F799142E68CB003A4B0D /* twitterIconSmall.png */,
				98B1F797142E66EE003A4B0D /* facebookIconSmall.png */,
				98B1F793142E5FE7003A4B0D /* listIcon.png */,
				98D62A72142B5CA600481EF9 /* wrenchIcon.png */,
				98D62A70142B5BC400481EF9 /* blackSteel.jpg */,
				98D62A6E142B5B5600481EF9 /* gridIcon.png */,
			);
			name = Icons;
			sourceTree = "<group>";
		};
		98F0059A1434C8420013B44D /* ElementParser */ = {
			isa = PBXGroup;
			children = (
				98F0059B1434C85D0013B44D /* CDataChunk.h */,
				98F0059C1434C85D0013B44D /* CDataChunk.m */,
				98F0059D1434C85D0013B44D /* Chunk.h */,
				98F0059E1434C85D0013B44D /* Chunk.m */,
				98F0059F1434C85D0013B44D /* CommentChunk.h */,
				98F005A01434C85D0013B44D /* CommentChunk.m */,
				98F005A11434C85D0013B44D /* CSSPartMatcher.h */,
				98F005A21434C85D0013B44D /* CSSPartMatcher.m */,
				98F005A31434C85D0013B44D /* CSSSelector.h */,
				98F005A41434C85D0013B44D /* CSSSelector.m */,
				98F005A51434C85D0013B44D /* CSSSelectorMatcher.h */,
				98F005A61434C85D0013B44D /* CSSSelectorMatcher.m */,
				98F005A71434C85D0013B44D /* CSSSelectorPart.h */,
				98F005A81434C85D0013B44D /* CSSSelectorPart.m */,
				98F005A91434C85D0013B44D /* DoctypeChunk.h */,
				98F005AA1434C85D0013B44D /* DoctypeChunk.m */,
				98F005AB1434C85D0013B44D /* DocumentRoot.h */,
				98F005AC1434C85D0013B44D /* DocumentRoot.m */,
				98F005AD1434C85D0013B44D /* Element.h */,
				98F005AE1434C85D0013B44D /* Element.m */,
				98F005AF1434C85D0013B44D /* ElementParser.h */,
				98F005B01434C85D0013B44D /* ElementParser.m */,
				98F005B11434C85D0013B44D /* EntityChunk.h */,
				98F005B21434C85D0013B44D /* EntityChunk.m */,
				98F005B31434C85D0013B44D /* NSString_HTML.h */,
				98F005B41434C85D0013B44D /* NSString_HTML.m */,
				98F005B51434C85D0013B44D /* ProcessingInstructionChunk.h */,
				98F005B61434C85D0013B44D /* ProcessingInstructionChunk.m */,
				98F005B71434C85D0013B44D /* TagChunk.h */,
				98F005B81434C85D0013B44D /* TagChunk.m */,
				98F005B91434C85D0013B44D /* TxtChunk.h */,
				98F005BA1434C85D0013B44D /* TxtChunk.m */,
				98F005BB1434C85D0013B44D /* URLParser.h */,
				98F005BC1434C85D0013B44D /* URLParser.m */,
			);
			name = ElementParser;
			sourceTree = "<group>";
		};
/* End PBXGroup section */

/* Begin PBXNativeTarget section */
		98D62A40142B528800481EF9 /* Nouvelle */ = {
			isa = PBXNativeTarget;
			buildConfigurationList = 98D62A62142B528800481EF9 /* Build configuration list for PBXNativeTarget "Nouvelle" */;
			buildPhases = (
				98D62A3D142B528800481EF9 /* Sources */,
				98D62A3E142B528800481EF9 /* Frameworks */,
				98D62A3F142B528800481EF9 /* Resources */,
			);
			buildRules = (
			);
			dependencies = (
			);
			name = Nouvelle;
			productName = "RSS Atom";
			productReference = 98D62A41142B528800481EF9 /* Nouvelle.app */;
			productType = "com.apple.product-type.application";
		};
/* End PBXNativeTarget section */

/* Begin PBXProject section */
		98D62A38142B528800481EF9 /* Project object */ = {
			isa = PBXProject;
			attributes = {
				LastUpgradeCheck = 0420;
				ORGANIZATIONNAME = "Not Applicable";
			};
			buildConfigurationList = 98D62A3B142B528800481EF9 /* Build configuration list for PBXProject "Nouvelle" */;
			compatibilityVersion = "Xcode 3.2";
			developmentRegion = English;
			hasScannedForEncodings = 0;
			knownRegions = (
				en,
			);
			mainGroup = 98D62A36142B528800481EF9;
			productRefGroup = 98D62A42142B528800481EF9 /* Products */;
			projectDirPath = "";
			projectRoot = "";
			targets = (
				98D62A40142B528800481EF9 /* Nouvelle */,
			);
		};
/* End PBXProject section */

/* Begin PBXResourcesBuildPhase section */
		98D62A3F142B528800481EF9 /* Resources */ = {
			isa = PBXResourcesBuildPhase;
			buildActionMask = 2147483647;
			files = (
				98D62A50142B528800481EF9 /* InfoPlist.strings in Resources */,
				98D62A59142B528800481EF9 /* MainWindow.xib in Resources */,
				98D62A5F142B528800481EF9 /* RSS_AtomViewController.xib in Resources */,
				98D62A69142B550B00481EF9 /* HomeViewController.xib in Resources */,
				98D62A6F142B5B5600481EF9 /* gridIcon.png in Resources */,
				98D62A71142B5BC400481EF9 /* blackSteel.jpg in Resources */,
				98D62A73142B5CA600481EF9 /* wrenchIcon.png in Resources */,
				98D62A8F142B66C900481EF9 /* AMFeedSelectorViewController.xib in Resources */,
				98427F92142BA6580048C0B5 /* segoeui.ttf in Resources */,
				98427F93142BA6580048C0B5 /* segoeuib.ttf in Resources */,
				98B1F78D142C7F0A003A4B0D /* AMFeedViewController.xib in Resources */,
				98B1F794142E5FE7003A4B0D /* listIcon.png in Resources */,
				98B1F798142E66EE003A4B0D /* facebookIconSmall.png in Resources */,
				98B1F79A142E68CB003A4B0D /* twitterIconSmall.png in Resources */,
				98B1F7A3142F098A003A4B0D /* AMFeedSearchViewController.xib in Resources */,
				9896A097142F0F87006CE433 /* searchIconSmall.png in Resources */,
				9896A09C142F118D006CE433 /* addIconSmall.png in Resources */,
				9896A0A1142F1950006CE433 /* AMZoomViewController.xib in Resources */,
				9896A0A6142F1CF0006CE433 /* AMViewController.xib in Resources */,
				98C89D6A1432664C000D8F27 /* checkMarkIconSmall.png in Resources */,
				98D25E3C143277EF0049235B /* backIconSmall.png in Resources */,
				98D25E541432EF910049235B /* feedDB.db in Resources */,
				98F005951434BFB90013B44D /* AMFeedCell.xib in Resources */,
				98F67FD61434FD0700B8C615 /* arrow.png in Resources */,
				98F67FD81435021100B8C615 /* HTMLWrapper.html in Resources */,
				9832BAE01440D74000391A7B /* blackSteel copy.jpg in Resources */,
				9832BAE21440E5B400391A7B /* tab.png in Resources */,
				98E0418D1441DC5000DAF138 /* removeIconSmall.png in Resources */,
				9855CF7C1441EA7B00BD1F5C /* dustBinIconSmall.png in Resources */,
				98D2E3F61443576900087B76 /* icon.png in Resources */,
				98D2E3F71443576900087B76 /* icon@2x.png in Resources */,
				98D2E3F914435C7F00087B76 /* hr.png in Resources */,
				98D2E3FB14435E4F00087B76 /* vr.png in Resources */,
				982BD77A144AA645008DEA20 /* downButtonIcon.png in Resources */,
				982BD77B144AA645008DEA20 /* upButtonIcon.png in Resources */,
			);
			runOnlyForDeploymentPostprocessing = 0;
		};
/* End PBXResourcesBuildPhase section */

/* Begin PBXSourcesBuildPhase section */
		98D62A3D142B528800481EF9 /* Sources */ = {
			isa = PBXSourcesBuildPhase;
			buildActionMask = 2147483647;
			files = (
				98D62A52142B528800481EF9 /* main.m in Sources */,
				98D62A56142B528800481EF9 /* RSS_AtomAppDelegate.m in Sources */,
				98D62A5C142B528800481EF9 /* RSS_AtomViewController.m in Sources */,
				98D62A68142B550B00481EF9 /* HomeViewController.m in Sources */,
				98D62A8E142B66C900481EF9 /* AMFeedSelectorViewController.m in Sources */,
				98427F83142B9F5C0048C0B5 /* General.m in Sources */,
				98427FAD142C61FF0048C0B5 /* AMImageView.m in Sources */,
				98B1F788142C700C003A4B0D /* AMSerializer.m in Sources */,
				98B1F78C142C7F0A003A4B0D /* AMFeedViewController.m in Sources */,
				98B1F7A2142F098A003A4B0D /* AMFeedSearchViewController.m in Sources */,
				9896A0A0142F1950006CE433 /* AMZoomViewController.m in Sources */,
				9896A0A5142F1CF0006CE433 /* AMViewController.m in Sources */,
				98C89D4A14324E7D000D8F27 /* AMDataDownloader.m in Sources */,
				98C89D4D14325190000D8F27 /* AMFeedSearcher.m in Sources */,
				98C89D5014325707000D8F27 /* AMFeedInfo.m in Sources */,
				98C89D5D143257C2000D8F27 /* NSObject+SBJSON.m in Sources */,
				98C89D5E143257C2000D8F27 /* NSString+SBJSON.m in Sources */,
				98C89D5F143257C2000D8F27 /* SBJsonBase.m in Sources */,
				98C89D60143257C2000D8F27 /* SBJsonParser.m in Sources */,
				98C89D61143257C2000D8F27 /* SBJsonWriter.m in Sources */,
				98C89D6614325DAD000D8F27 /* GTMNSString+HTML.m in Sources */,
				98C89D6714325DAD000D8F27 /* NSString+HTML.m in Sources */,
				98D25E441432E3F50049235B /* AMFeedManager.m in Sources */,
				986777251433B6A200327F78 /* MWFeedParser.m in Sources */,
				986777261433B6A200327F78 /* MWFeedInfo.m in Sources */,
				986777271433B6A200327F78 /* MWFeedItem.m in Sources */,
				98F005921434BF810013B44D /* AMFeedCell.m in Sources */,
				98F005BD1434C85D0013B44D /* CDataChunk.m in Sources */,
				98F005BE1434C85D0013B44D /* Chunk.m in Sources */,
				98F005BF1434C85D0013B44D /* CommentChunk.m in Sources */,
				98F005C01434C85D0013B44D /* CSSPartMatcher.m in Sources */,
				98F005C11434C85D0013B44D /* CSSSelector.m in Sources */,
				98F005C21434C85D0013B44D /* CSSSelectorMatcher.m in Sources */,
				98F005C31434C85D0013B44D /* CSSSelectorPart.m in Sources */,
				98F005C41434C85D0013B44D /* DoctypeChunk.m in Sources */,
				98F005C51434C85D0013B44D /* DocumentRoot.m in Sources */,
				98F005C61434C85D0013B44D /* Element.m in Sources */,
				98F005C71434C85D0013B44D /* ElementParser.m in Sources */,
				98F005C81434C85D0013B44D /* EntityChunk.m in Sources */,
				98F005C91434C85D0013B44D /* NSString_HTML.m in Sources */,
				98F005CA1434C85D0013B44D /* ProcessingInstructionChunk.m in Sources */,
				98F005CB1434C85D0013B44D /* TagChunk.m in Sources */,
				98F005CC1434C85D0013B44D /* TxtChunk.m in Sources */,
				98F005CD1434C85D0013B44D /* URLParser.m in Sources */,
				9832BADA1440CD8000391A7B /* UIImage+Alpha.m in Sources */,
				9832BADB1440CD8000391A7B /* UIImage+Resize.m in Sources */,
				9832BADC1440CD8000391A7B /* UIImage+RoundedCorner.m in Sources */,
			);
			runOnlyForDeploymentPostprocessing = 0;
		};
/* End PBXSourcesBuildPhase section */

/* Begin PBXVariantGroup section */
		98D62A4E142B528800481EF9 /* InfoPlist.strings */ = {
			isa = PBXVariantGroup;
			children = (
				98D62A4F142B528800481EF9 /* en */,
			);
			name = InfoPlist.strings;
			sourceTree = "<group>";
		};
		98D62A57142B528800481EF9 /* MainWindow.xib */ = {
			isa = PBXVariantGroup;
			children = (
				98D62A58142B528800481EF9 /* en */,
			);
			name = MainWindow.xib;
			sourceTree = "<group>";
		};
		98D62A5D142B528800481EF9 /* RSS_AtomViewController.xib */ = {
			isa = PBXVariantGroup;
			children = (
				98D62A5E142B528800481EF9 /* en */,
			);
			name = RSS_AtomViewController.xib;
			sourceTree = "<group>";
		};
/* End PBXVariantGroup section */

/* Begin XCBuildConfiguration section */
		98D62A60142B528800481EF9 /* Debug */ = {
			isa = XCBuildConfiguration;
			buildSettings = {
				ALWAYS_SEARCH_USER_PATHS = NO;
				ARCHS = "$(ARCHS_STANDARD_32_BIT)";
				"CODE_SIGN_IDENTITY[sdk=iphoneos*]" = "iPhone Developer";
				COPY_PHASE_STRIP = NO;
				GCC_C_LANGUAGE_STANDARD = gnu99;
				GCC_DYNAMIC_NO_PIC = NO;
				GCC_OPTIMIZATION_LEVEL = 0;
				GCC_PREPROCESSOR_DEFINITIONS = (
					"DEBUG=1",
					"$(inherited)",
				);
				GCC_SYMBOLS_PRIVATE_EXTERN = NO;
				GCC_VERSION = com.apple.compilers.llvmgcc42;
				GCC_WARN_ABOUT_MISSING_PROTOTYPES = YES;
				GCC_WARN_ABOUT_RETURN_TYPE = YES;
				GCC_WARN_UNUSED_VARIABLE = YES;
				IPHONEOS_DEPLOYMENT_TARGET = 4.0;
				OTHER_LDFLAGS = "-ObjC";
				SDKROOT = iphoneos;
			};
			name = Debug;
		};
		98D62A61142B528800481EF9 /* Release */ = {
			isa = XCBuildConfiguration;
			buildSettings = {
				ALWAYS_SEARCH_USER_PATHS = NO;
				ARCHS = "$(ARCHS_STANDARD_32_BIT)";
				"CODE_SIGN_IDENTITY[sdk=iphoneos*]" = "iPhone Developer";
				COPY_PHASE_STRIP = YES;
				GCC_C_LANGUAGE_STANDARD = gnu99;
				GCC_VERSION = com.apple.compilers.llvmgcc42;
				GCC_WARN_ABOUT_MISSING_PROTOTYPES = YES;
				GCC_WARN_ABOUT_RETURN_TYPE = YES;
				GCC_WARN_UNUSED_VARIABLE = YES;
				IPHONEOS_DEPLOYMENT_TARGET = 4.0;
				OTHER_CFLAGS = "-DNS_BLOCK_ASSERTIONS=1";
				OTHER_LDFLAGS = "-ObjC";
				SDKROOT = iphoneos;
				VALIDATE_PRODUCT = YES;
			};
			name = Release;
		};
		98D62A63142B528800481EF9 /* Debug */ = {
			isa = XCBuildConfiguration;
			buildSettings = {
				GCC_PRECOMPILE_PREFIX_HEADER = YES;
				GCC_PREFIX_HEADER = "RSS Atom/Nouvelle-Prefix.pch";
				GCC_VERSION = com.apple.compilers.llvm.clang.1_0;
				INFOPLIST_FILE = "RSS Atom/Nouvelle-Info.plist";
				PRODUCT_NAME = Nouvelle;
				SDKROOT = iphoneos;
				WRAPPER_EXTENSION = app;
			};
			name = Debug;
		};
		98D62A64142B528800481EF9 /* Release */ = {
			isa = XCBuildConfiguration;
			buildSettings = {
				GCC_PRECOMPILE_PREFIX_HEADER = YES;
				GCC_PREFIX_HEADER = "RSS Atom/Nouvelle-Prefix.pch";
				GCC_VERSION = com.apple.compilers.llvm.clang.1_0;
				INFOPLIST_FILE = "RSS Atom/Nouvelle-Info.plist";
				PRODUCT_NAME = Nouvelle;
				SDKROOT = iphoneos;
				WRAPPER_EXTENSION = app;
			};
			name = Release;
		};
/* End XCBuildConfiguration section */

/* Begin XCConfigurationList section */
		98D62A3B142B528800481EF9 /* Build configuration list for PBXProject "Nouvelle" */ = {
			isa = XCConfigurationList;
			buildConfigurations = (
				98D62A60142B528800481EF9 /* Debug */,
				98D62A61142B528800481EF9 /* Release */,
			);
			defaultConfigurationIsVisible = 0;
			defaultConfigurationName = Release;
		};
		98D62A62142B528800481EF9 /* Build configuration list for PBXNativeTarget "Nouvelle" */ = {
			isa = XCConfigurationList;
			buildConfigurations = (
				98D62A63142B528800481EF9 /* Debug */,
				98D62A64142B528800481EF9 /* Release */,
			);
			defaultConfigurationIsVisible = 0;
			defaultConfigurationName = Release;
		};
/* End XCConfigurationList section */
	};
	rootObject = 98D62A38142B528800481EF9 /* Project object */;
}
